// !$*UTF8*$!
{
	archiveVersion = 1;
	classes = {
	};
	objectVersion = 56;
	objects = {

/* Begin PBXBuildFile section */
		0B172DBE29878A630060152B /* PriorityQueue.framework in Frameworks */ = {isa = PBXBuildFile; fileRef = 0B172DBD29878A630060152B /* PriorityQueue.framework */; };
		0B172DCB29878D2A0060152B /* Queue.framework in Frameworks */ = {isa = PBXBuildFile; fileRef = 0B172DCA29878D2A0060152B /* Queue.framework */; };
		0B172DCC29878D2A0060152B /* Queue.framework in Embed Frameworks */ = {isa = PBXBuildFile; fileRef = 0B172DCA29878D2A0060152B /* Queue.framework */; settings = {ATTRIBUTES = (CodeSignOnCopy, RemoveHeadersOnCopy, ); }; };
		0B172DD929878F4D0060152B /* Graph+Dijkstra.swift in Sources */ = {isa = PBXBuildFile; fileRef = 0B2B80B6290C284500BCF031 /* Graph+Dijkstra.swift */; };
		0B172DDA29878F4D0060152B /* Graph+Prim.swift in Sources */ = {isa = PBXBuildFile; fileRef = 0B2B80B8290C285200BCF031 /* Graph+Prim.swift */; };
		0B172DDB29878F4D0060152B /* Graph+Utils.swift in Sources */ = {isa = PBXBuildFile; fileRef = 0B172DCF29878DB30060152B /* Graph+Utils.swift */; };
		0B5C5FBF290AE2800069F765 /* Graph.h in Headers */ = {isa = PBXBuildFile; fileRef = 0B5C5FBE290AE2800069F765 /* Graph.h */; settings = {ATTRIBUTES = (Public, ); }; };
		0B5C5FD0290B8AD40069F765 /* Graph.swift in Sources */ = {isa = PBXBuildFile; fileRef = 0B5C5FCF290B8AD40069F765 /* Graph.swift */; };
		0B5DDEC7298611FC00635BEF /* AdjacencyMatrixGraph.Connection.swift in Sources */ = {isa = PBXBuildFile; fileRef = 0B5DDEC6298611FC00635BEF /* AdjacencyMatrixGraph.Connection.swift */; };
		0BB72CF429863C45002C4EF2 /* AdjacencyListGraph+CustomStringConvertable.swift in Sources */ = {isa = PBXBuildFile; fileRef = 0BB72CF329863C45002C4EF2 /* AdjacencyListGraph+CustomStringConvertable.swift */; };
		0BB72CF629863C5A002C4EF2 /* AdjacencyMatrixGraph+CustomStringConvertable.swift in Sources */ = {isa = PBXBuildFile; fileRef = 0BB72CF529863C5A002C4EF2 /* AdjacencyMatrixGraph+CustomStringConvertable.swift */; };
		0BB72CFB29864207002C4EF2 /* AdjacencyMatrixGraph+Invariants.swift in Sources */ = {isa = PBXBuildFile; fileRef = 0BB72CFA29864207002C4EF2 /* AdjacencyMatrixGraph+Invariants.swift */; };
		0BB72CFE298660C9002C4EF2 /* Graph+.swift in Sources */ = {isa = PBXBuildFile; fileRef = 0BB72CFD298660C9002C4EF2 /* Graph+.swift */; };
		0BB72D0029866652002C4EF2 /* Graph+Traversal.swift in Sources */ = {isa = PBXBuildFile; fileRef = 0BB72CFF29866652002C4EF2 /* Graph+Traversal.swift */; };
		0BB72D0229876CBE002C4EF2 /* TreatsNoWeightAs.swift in Sources */ = {isa = PBXBuildFile; fileRef = 0BB72D0129876CBE002C4EF2 /* TreatsNoWeightAs.swift */; };
		0BB72D0429876CEC002C4EF2 /* PathTracker.swift in Sources */ = {isa = PBXBuildFile; fileRef = 0BB72D0329876CEC002C4EF2 /* PathTracker.swift */; };
		0BE5FCFB29853C99004D547E /* Vertex.swift in Sources */ = {isa = PBXBuildFile; fileRef = 0BE5FCFA29853C99004D547E /* Vertex.swift */; };
		0BE5FD00298543A9004D547E /* Node.swift in Sources */ = {isa = PBXBuildFile; fileRef = 0BE5FCFF298543A9004D547E /* Node.swift */; };
		0BE5FD0229855036004D547E /* AdjacencyListGraph.swift in Sources */ = {isa = PBXBuildFile; fileRef = 0BE5FD0129855036004D547E /* AdjacencyListGraph.swift */; };
		0BE5FD0429855043004D547E /* AdjacencyMatrixGraph.swift in Sources */ = {isa = PBXBuildFile; fileRef = 0BE5FD0329855043004D547E /* AdjacencyMatrixGraph.swift */; };
		0BE5FD07298550DD004D547E /* AdjacencyListGraph.Storage.swift in Sources */ = {isa = PBXBuildFile; fileRef = 0BE5FD06298550DD004D547E /* AdjacencyListGraph.Storage.swift */; };
		0BE5FD0A2985513A004D547E /* AdjacencyMatrixGraph.Storage.swift in Sources */ = {isa = PBXBuildFile; fileRef = 0BE5FD092985513A004D547E /* AdjacencyMatrixGraph.Storage.swift */; };
		0BE5FD0C298555EA004D547E /* AdjacencyListGraph.CopyOnWrite.swift in Sources */ = {isa = PBXBuildFile; fileRef = 0BE5FD0B298555EA004D547E /* AdjacencyListGraph.CopyOnWrite.swift */; };
		0BE5FD0E29857C8B004D547E /* AdjacencyMatrixGraph+CopyOnWrite.swift in Sources */ = {isa = PBXBuildFile; fileRef = 0BE5FD0D29857C8B004D547E /* AdjacencyMatrixGraph+CopyOnWrite.swift */; };
/* End PBXBuildFile section */

/* Begin PBXCopyFilesBuildPhase section */
		0B172DCD29878D2A0060152B /* Embed Frameworks */ = {
			isa = PBXCopyFilesBuildPhase;
			buildActionMask = 2147483647;
			dstPath = "";
			dstSubfolderSpec = 10;
			files = (
				0B172DCC29878D2A0060152B /* Queue.framework in Embed Frameworks */,
			);
			name = "Embed Frameworks";
			runOnlyForDeploymentPostprocessing = 0;
		};
/* End PBXCopyFilesBuildPhase section */

/* Begin PBXFileReference section */
		0B172DBD29878A630060152B /* PriorityQueue.framework */ = {isa = PBXFileReference; explicitFileType = wrapper.framework; path = PriorityQueue.framework; sourceTree = BUILT_PRODUCTS_DIR; };
		0B172DCA29878D2A0060152B /* Queue.framework */ = {isa = PBXFileReference; explicitFileType = wrapper.framework; path = Queue.framework; sourceTree = BUILT_PRODUCTS_DIR; };
		0B172DCF29878DB30060152B /* Graph+Utils.swift */ = {isa = PBXFileReference; lastKnownFileType = sourcecode.swift; path = "Graph+Utils.swift"; sourceTree = "<group>"; };
		0B2B80B6290C284500BCF031 /* Graph+Dijkstra.swift */ = {isa = PBXFileReference; lastKnownFileType = sourcecode.swift; path = "Graph+Dijkstra.swift"; sourceTree = "<group>"; };
		0B2B80B8290C285200BCF031 /* Graph+Prim.swift */ = {isa = PBXFileReference; lastKnownFileType = sourcecode.swift; path = "Graph+Prim.swift"; sourceTree = "<group>"; };
		0B5C5FBB290AE2800069F765 /* Graph.framework */ = {isa = PBXFileReference; explicitFileType = wrapper.framework; includeInIndex = 0; path = Graph.framework; sourceTree = BUILT_PRODUCTS_DIR; };
		0B5C5FBE290AE2800069F765 /* Graph.h */ = {isa = PBXFileReference; lastKnownFileType = sourcecode.c.h; path = Graph.h; sourceTree = "<group>"; };
		0B5C5FCF290B8AD40069F765 /* Graph.swift */ = {isa = PBXFileReference; lastKnownFileType = sourcecode.swift; path = Graph.swift; sourceTree = "<group>"; };
		0B5DDEC6298611FC00635BEF /* AdjacencyMatrixGraph.Connection.swift */ = {isa = PBXFileReference; lastKnownFileType = sourcecode.swift; path = AdjacencyMatrixGraph.Connection.swift; sourceTree = "<group>"; };
		0BB72CF329863C45002C4EF2 /* AdjacencyListGraph+CustomStringConvertable.swift */ = {isa = PBXFileReference; lastKnownFileType = sourcecode.swift; path = "AdjacencyListGraph+CustomStringConvertable.swift"; sourceTree = "<group>"; };
		0BB72CF529863C5A002C4EF2 /* AdjacencyMatrixGraph+CustomStringConvertable.swift */ = {isa = PBXFileReference; lastKnownFileType = sourcecode.swift; path = "AdjacencyMatrixGraph+CustomStringConvertable.swift"; sourceTree = "<group>"; };
		0BB72CFA29864207002C4EF2 /* AdjacencyMatrixGraph+Invariants.swift */ = {isa = PBXFileReference; lastKnownFileType = sourcecode.swift; path = "AdjacencyMatrixGraph+Invariants.swift"; sourceTree = "<group>"; };
		0BB72CFD298660C9002C4EF2 /* Graph+.swift */ = {isa = PBXFileReference; lastKnownFileType = sourcecode.swift; path = "Graph+.swift"; sourceTree = "<group>"; };
		0BB72CFF29866652002C4EF2 /* Graph+Traversal.swift */ = {isa = PBXFileReference; lastKnownFileType = sourcecode.swift; path = "Graph+Traversal.swift"; sourceTree = "<group>"; };
		0BB72D0129876CBE002C4EF2 /* TreatsNoWeightAs.swift */ = {isa = PBXFileReference; lastKnownFileType = sourcecode.swift; path = TreatsNoWeightAs.swift; sourceTree = "<group>"; };
		0BB72D0329876CEC002C4EF2 /* PathTracker.swift */ = {isa = PBXFileReference; lastKnownFileType = sourcecode.swift; path = PathTracker.swift; sourceTree = "<group>"; };
		0BE5FCFA29853C99004D547E /* Vertex.swift */ = {isa = PBXFileReference; lastKnownFileType = sourcecode.swift; path = Vertex.swift; sourceTree = "<group>"; };
		0BE5FCFF298543A9004D547E /* Node.swift */ = {isa = PBXFileReference; lastKnownFileType = sourcecode.swift; path = Node.swift; sourceTree = "<group>"; };
		0BE5FD0129855036004D547E /* AdjacencyListGraph.swift */ = {isa = PBXFileReference; lastKnownFileType = sourcecode.swift; path = AdjacencyListGraph.swift; sourceTree = "<group>"; };
		0BE5FD0329855043004D547E /* AdjacencyMatrixGraph.swift */ = {isa = PBXFileReference; lastKnownFileType = sourcecode.swift; path = AdjacencyMatrixGraph.swift; sourceTree = "<group>"; };
		0BE5FD06298550DD004D547E /* AdjacencyListGraph.Storage.swift */ = {isa = PBXFileReference; lastKnownFileType = sourcecode.swift; path = AdjacencyListGraph.Storage.swift; sourceTree = "<group>"; };
		0BE5FD092985513A004D547E /* AdjacencyMatrixGraph.Storage.swift */ = {isa = PBXFileReference; lastKnownFileType = sourcecode.swift; path = AdjacencyMatrixGraph.Storage.swift; sourceTree = "<group>"; };
		0BE5FD0B298555EA004D547E /* AdjacencyListGraph.CopyOnWrite.swift */ = {isa = PBXFileReference; lastKnownFileType = sourcecode.swift; path = AdjacencyListGraph.CopyOnWrite.swift; sourceTree = "<group>"; };
		0BE5FD0D29857C8B004D547E /* AdjacencyMatrixGraph+CopyOnWrite.swift */ = {isa = PBXFileReference; lastKnownFileType = sourcecode.swift; path = "AdjacencyMatrixGraph+CopyOnWrite.swift"; sourceTree = "<group>"; };
/* End PBXFileReference section */

/* Begin PBXFrameworksBuildPhase section */
		0B5C5FB8290AE2800069F765 /* Frameworks */ = {
			isa = PBXFrameworksBuildPhase;
			buildActionMask = 2147483647;
			files = (
				0B172DCB29878D2A0060152B /* Queue.framework in Frameworks */,
				0B172DBE29878A630060152B /* PriorityQueue.framework in Frameworks */,
			);
			runOnlyForDeploymentPostprocessing = 0;
		};
/* End PBXFrameworksBuildPhase section */

/* Begin PBXGroup section */
		0B2B80AE290C1B3D00BCF031 /* Frameworks */ = {
			isa = PBXGroup;
			children = (
				0B172DCA29878D2A0060152B /* Queue.framework */,
				0B172DBD29878A630060152B /* PriorityQueue.framework */,
			);
			name = Frameworks;
			sourceTree = "<group>";
		};
		0B5C5FB1290AE2800069F765 = {
			isa = PBXGroup;
			children = (
				0B5C5FBD290AE2800069F765 /* Graph */,
				0B5C5FBC290AE2800069F765 /* Products */,
				0B2B80AE290C1B3D00BCF031 /* Frameworks */,
			);
			sourceTree = "<group>";
		};
		0B5C5FBC290AE2800069F765 /* Products */ = {
			isa = PBXGroup;
			children = (
				0B5C5FBB290AE2800069F765 /* Graph.framework */,
			);
			name = Products;
			sourceTree = "<group>";
		};
		0B5C5FBD290AE2800069F765 /* Graph */ = {
			isa = PBXGroup;
			children = (
				0B5C5FBE290AE2800069F765 /* Graph.h */,
				0BB72CF729863CF8002C4EF2 /* Shared */,
				0BE5FCF42985382F004D547E /* Protocols */,
				0BE5FCF6298538C3004D547E /* AdjacencyListGraph */,
				0BE5FCF8298538EE004D547E /* AdjacencyMatrixGraph */,
			);
			path = Graph;
			sourceTree = "<group>";
		};
		0BB72CF729863CF8002C4EF2 /* Shared */ = {
			isa = PBXGroup;
			children = (
				0BB72CF829863D20002C4EF2 /* Public */,
				0BB72CF929863D26002C4EF2 /* Internal */,
			);
			path = Shared;
			sourceTree = "<group>";
		};
		0BB72CF829863D20002C4EF2 /* Public */ = {
			isa = PBXGroup;
			children = (
				0BE5FCFA29853C99004D547E /* Vertex.swift */,
				0BB72D0129876CBE002C4EF2 /* TreatsNoWeightAs.swift */,
			);
			path = Public;
			sourceTree = "<group>";
		};
		0BB72CF929863D26002C4EF2 /* Internal */ = {
			isa = PBXGroup;
			children = (
				0BE5FCFF298543A9004D547E /* Node.swift */,
				0BB72D0329876CEC002C4EF2 /* PathTracker.swift */,
			);
			path = Internal;
			sourceTree = "<group>";
		};
		0BB72CFC298652C7002C4EF2 /* Internal */ = {
			isa = PBXGroup;
			children = (
				0BB72CFD298660C9002C4EF2 /* Graph+.swift */,
				0BB72CFF29866652002C4EF2 /* Graph+Traversal.swift */,
			);
			path = Internal;
			sourceTree = "<group>";
		};
		0BE5FCF42985382F004D547E /* Protocols */ = {
			isa = PBXGroup;
			children = (
				0BE5FCF529853838004D547E /* Public */,
				0BB72CFC298652C7002C4EF2 /* Internal */,
			);
			path = Protocols;
			sourceTree = "<group>";
		};
		0BE5FCF529853838004D547E /* Public */ = {
			isa = PBXGroup;
			children = (
				0B5C5FCF290B8AD40069F765 /* Graph.swift */,
				0B172DCF29878DB30060152B /* Graph+Utils.swift */,
				0B2B80B6290C284500BCF031 /* Graph+Dijkstra.swift */,
				0B2B80B8290C285200BCF031 /* Graph+Prim.swift */,
			);
			path = Public;
			sourceTree = "<group>";
		};
		0BE5FCF6298538C3004D547E /* AdjacencyListGraph */ = {
			isa = PBXGroup;
			children = (
				0BE5FCF7298538E2004D547E /* Public */,
				0BE5FD05298550CB004D547E /* Internal */,
			);
			path = AdjacencyListGraph;
			sourceTree = "<group>";
		};
		0BE5FCF7298538E2004D547E /* Public */ = {
			isa = PBXGroup;
			children = (
				0BE5FD0129855036004D547E /* AdjacencyListGraph.swift */,
				0BB72CF329863C45002C4EF2 /* AdjacencyListGraph+CustomStringConvertable.swift */,
			);
			path = Public;
			sourceTree = "<group>";
		};
		0BE5FCF8298538EE004D547E /* AdjacencyMatrixGraph */ = {
			isa = PBXGroup;
			children = (
				0BE5FCF929853906004D547E /* Public */,
				0BE5FD082985512C004D547E /* Internal */,
			);
			path = AdjacencyMatrixGraph;
			sourceTree = "<group>";
		};
		0BE5FCF929853906004D547E /* Public */ = {
			isa = PBXGroup;
			children = (
				0BE5FD0329855043004D547E /* AdjacencyMatrixGraph.swift */,
				0BB72CF529863C5A002C4EF2 /* AdjacencyMatrixGraph+CustomStringConvertable.swift */,
			);
			path = Public;
			sourceTree = "<group>";
		};
		0BE5FD05298550CB004D547E /* Internal */ = {
			isa = PBXGroup;
			children = (
				0BE5FD06298550DD004D547E /* AdjacencyListGraph.Storage.swift */,
				0BE5FD0B298555EA004D547E /* AdjacencyListGraph.CopyOnWrite.swift */,
			);
			path = Internal;
			sourceTree = "<group>";
		};
		0BE5FD082985512C004D547E /* Internal */ = {
			isa = PBXGroup;
			children = (
				0BE5FD092985513A004D547E /* AdjacencyMatrixGraph.Storage.swift */,
				0B5DDEC6298611FC00635BEF /* AdjacencyMatrixGraph.Connection.swift */,
				0BE5FD0D29857C8B004D547E /* AdjacencyMatrixGraph+CopyOnWrite.swift */,
				0BB72CFA29864207002C4EF2 /* AdjacencyMatrixGraph+Invariants.swift */,
			);
			path = Internal;
			sourceTree = "<group>";
		};
/* End PBXGroup section */

/* Begin PBXHeadersBuildPhase section */
		0B5C5FB6290AE2800069F765 /* Headers */ = {
			isa = PBXHeadersBuildPhase;
			buildActionMask = 2147483647;
			files = (
				0B5C5FBF290AE2800069F765 /* Graph.h in Headers */,
			);
			runOnlyForDeploymentPostprocessing = 0;
		};
/* End PBXHeadersBuildPhase section */

/* Begin PBXNativeTarget section */
		0B5C5FBA290AE2800069F765 /* Graph */ = {
			isa = PBXNativeTarget;
			buildConfigurationList = 0B5C5FC2290AE2800069F765 /* Build configuration list for PBXNativeTarget "Graph" */;
			buildPhases = (
				0B5C5FB6290AE2800069F765 /* Headers */,
				0B5C5FB7290AE2800069F765 /* Sources */,
				0B5C5FB8290AE2800069F765 /* Frameworks */,
				0B5C5FB9290AE2800069F765 /* Resources */,
				0B172DCD29878D2A0060152B /* Embed Frameworks */,
			);
			buildRules = (
			);
			dependencies = (
			);
			name = Graph;
			productName = Graph;
			productReference = 0B5C5FBB290AE2800069F765 /* Graph.framework */;
			productType = "com.apple.product-type.framework";
		};
/* End PBXNativeTarget section */

/* Begin PBXProject section */
		0B5C5FB2290AE2800069F765 /* Project object */ = {
			isa = PBXProject;
			attributes = {
				BuildIndependentTargetsInParallel = 1;
				LastUpgradeCheck = 1410;
				TargetAttributes = {
					0B5C5FBA290AE2800069F765 = {
						CreatedOnToolsVersion = 14.0.1;
						LastSwiftMigration = 1400;
					};
				};
			};
			buildConfigurationList = 0B5C5FB5290AE2800069F765 /* Build configuration list for PBXProject "Graph" */;
			compatibilityVersion = "Xcode 14.0";
			developmentRegion = en;
			hasScannedForEncodings = 0;
			knownRegions = (
				en,
				Base,
			);
			mainGroup = 0B5C5FB1290AE2800069F765;
			productRefGroup = 0B5C5FBC290AE2800069F765 /* Products */;
			projectDirPath = "";
			projectRoot = "";
			targets = (
				0B5C5FBA290AE2800069F765 /* Graph */,
			);
		};
/* End PBXProject section */

/* Begin PBXResourcesBuildPhase section */
		0B5C5FB9290AE2800069F765 /* Resources */ = {
			isa = PBXResourcesBuildPhase;
			buildActionMask = 2147483647;
			files = (
			);
			runOnlyForDeploymentPostprocessing = 0;
		};
/* End PBXResourcesBuildPhase section */

/* Begin PBXSourcesBuildPhase section */
		0B5C5FB7290AE2800069F765 /* Sources */ = {
			isa = PBXSourcesBuildPhase;
			buildActionMask = 2147483647;
			files = (
				0BB72CFE298660C9002C4EF2 /* Graph+.swift in Sources */,
				0B172DDA29878F4D0060152B /* Graph+Prim.swift in Sources */,
				0BB72CFB29864207002C4EF2 /* AdjacencyMatrixGraph+Invariants.swift in Sources */,
				0BE5FD0229855036004D547E /* AdjacencyListGraph.swift in Sources */,
				0BE5FD0E29857C8B004D547E /* AdjacencyMatrixGraph+CopyOnWrite.swift in Sources */,
				0BE5FCFB29853C99004D547E /* Vertex.swift in Sources */,
				0B5DDEC7298611FC00635BEF /* AdjacencyMatrixGraph.Connection.swift in Sources */,
				0B172DD929878F4D0060152B /* Graph+Dijkstra.swift in Sources */,
				0BB72D0029866652002C4EF2 /* Graph+Traversal.swift in Sources */,
				0BB72D0429876CEC002C4EF2 /* PathTracker.swift in Sources */,
				0BE5FD00298543A9004D547E /* Node.swift in Sources */,
				0B5C5FD0290B8AD40069F765 /* Graph.swift in Sources */,
				0BE5FD0C298555EA004D547E /* AdjacencyListGraph.CopyOnWrite.swift in Sources */,
				0BE5FD0429855043004D547E /* AdjacencyMatrixGraph.swift in Sources */,
				0BE5FD07298550DD004D547E /* AdjacencyListGraph.Storage.swift in Sources */,
				0BB72CF429863C45002C4EF2 /* AdjacencyListGraph+CustomStringConvertable.swift in Sources */,
				0BB72D0229876CBE002C4EF2 /* TreatsNoWeightAs.swift in Sources */,
				0BB72CF629863C5A002C4EF2 /* AdjacencyMatrixGraph+CustomStringConvertable.swift in Sources */,
				0B172DDB29878F4D0060152B /* Graph+Utils.swift in Sources */,
				0BE5FD0A2985513A004D547E /* AdjacencyMatrixGraph.Storage.swift in Sources */,
			);
			runOnlyForDeploymentPostprocessing = 0;
		};
/* End PBXSourcesBuildPhase section */

/* Begin XCBuildConfiguration section */
		0B5C5FC0290AE2800069F765 /* Debug */ = {
			isa = XCBuildConfiguration;
			buildSettings = {
				ALWAYS_SEARCH_USER_PATHS = NO;
				CLANG_ANALYZER_NONNULL = YES;
				CLANG_ANALYZER_NUMBER_OBJECT_CONVERSION = YES_AGGRESSIVE;
				CLANG_CXX_LANGUAGE_STANDARD = "gnu++20";
				CLANG_ENABLE_MODULES = YES;
				CLANG_ENABLE_OBJC_ARC = YES;
				CLANG_ENABLE_OBJC_WEAK = YES;
				CLANG_WARN_BLOCK_CAPTURE_AUTORELEASING = YES;
				CLANG_WARN_BOOL_CONVERSION = YES;
				CLANG_WARN_COMMA = YES;
				CLANG_WARN_CONSTANT_CONVERSION = YES;
				CLANG_WARN_DEPRECATED_OBJC_IMPLEMENTATIONS = YES;
				CLANG_WARN_DIRECT_OBJC_ISA_USAGE = YES_ERROR;
				CLANG_WARN_DOCUMENTATION_COMMENTS = YES;
				CLANG_WARN_EMPTY_BODY = YES;
				CLANG_WARN_ENUM_CONVERSION = YES;
				CLANG_WARN_INFINITE_RECURSION = YES;
				CLANG_WARN_INT_CONVERSION = YES;
				CLANG_WARN_NON_LITERAL_NULL_CONVERSION = YES;
				CLANG_WARN_OBJC_IMPLICIT_RETAIN_SELF = YES;
				CLANG_WARN_OBJC_LITERAL_CONVERSION = YES;
				CLANG_WARN_OBJC_ROOT_CLASS = YES_ERROR;
				CLANG_WARN_QUOTED_INCLUDE_IN_FRAMEWORK_HEADER = YES;
				CLANG_WARN_RANGE_LOOP_ANALYSIS = YES;
				CLANG_WARN_STRICT_PROTOTYPES = YES;
				CLANG_WARN_SUSPICIOUS_MOVE = YES;
				CLANG_WARN_UNGUARDED_AVAILABILITY = YES_AGGRESSIVE;
				CLANG_WARN_UNREACHABLE_CODE = YES;
				CLANG_WARN__DUPLICATE_METHOD_MATCH = YES;
				COPY_PHASE_STRIP = NO;
				CURRENT_PROJECT_VERSION = 1;
				DEAD_CODE_STRIPPING = YES;
				DEBUG_INFORMATION_FORMAT = dwarf;
				ENABLE_STRICT_OBJC_MSGSEND = YES;
				ENABLE_TESTABILITY = YES;
				GCC_C_LANGUAGE_STANDARD = gnu11;
				GCC_DYNAMIC_NO_PIC = NO;
				GCC_NO_COMMON_BLOCKS = YES;
				GCC_OPTIMIZATION_LEVEL = 0;
				GCC_PREPROCESSOR_DEFINITIONS = (
					"DEBUG=1",
					"$(inherited)",
				);
				GCC_WARN_64_TO_32_BIT_CONVERSION = YES;
				GCC_WARN_ABOUT_RETURN_TYPE = YES_ERROR;
				GCC_WARN_UNDECLARED_SELECTOR = YES;
				GCC_WARN_UNINITIALIZED_AUTOS = YES_AGGRESSIVE;
				GCC_WARN_UNUSED_FUNCTION = YES;
				GCC_WARN_UNUSED_VARIABLE = YES;
				MTL_ENABLE_DEBUG_INFO = INCLUDE_SOURCE;
				MTL_FAST_MATH = YES;
				ONLY_ACTIVE_ARCH = YES;
				SWIFT_ACTIVE_COMPILATION_CONDITIONS = DEBUG;
				SWIFT_OPTIMIZATION_LEVEL = "-Onone";
				VERSIONING_SYSTEM = "apple-generic";
				VERSION_INFO_PREFIX = "";
			};
			name = Debug;
		};
		0B5C5FC1290AE2800069F765 /* Release */ = {
			isa = XCBuildConfiguration;
			buildSettings = {
				ALWAYS_SEARCH_USER_PATHS = NO;
				CLANG_ANALYZER_NONNULL = YES;
				CLANG_ANALYZER_NUMBER_OBJECT_CONVERSION = YES_AGGRESSIVE;
				CLANG_CXX_LANGUAGE_STANDARD = "gnu++20";
				CLANG_ENABLE_MODULES = YES;
				CLANG_ENABLE_OBJC_ARC = YES;
				CLANG_ENABLE_OBJC_WEAK = YES;
				CLANG_WARN_BLOCK_CAPTURE_AUTORELEASING = YES;
				CLANG_WARN_BOOL_CONVERSION = YES;
				CLANG_WARN_COMMA = YES;
				CLANG_WARN_CONSTANT_CONVERSION = YES;
				CLANG_WARN_DEPRECATED_OBJC_IMPLEMENTATIONS = YES;
				CLANG_WARN_DIRECT_OBJC_ISA_USAGE = YES_ERROR;
				CLANG_WARN_DOCUMENTATION_COMMENTS = YES;
				CLANG_WARN_EMPTY_BODY = YES;
				CLANG_WARN_ENUM_CONVERSION = YES;
				CLANG_WARN_INFINITE_RECURSION = YES;
				CLANG_WARN_INT_CONVERSION = YES;
				CLANG_WARN_NON_LITERAL_NULL_CONVERSION = YES;
				CLANG_WARN_OBJC_IMPLICIT_RETAIN_SELF = YES;
				CLANG_WARN_OBJC_LITERAL_CONVERSION = YES;
				CLANG_WARN_OBJC_ROOT_CLASS = YES_ERROR;
				CLANG_WARN_QUOTED_INCLUDE_IN_FRAMEWORK_HEADER = YES;
				CLANG_WARN_RANGE_LOOP_ANALYSIS = YES;
				CLANG_WARN_STRICT_PROTOTYPES = YES;
				CLANG_WARN_SUSPICIOUS_MOVE = YES;
				CLANG_WARN_UNGUARDED_AVAILABILITY = YES_AGGRESSIVE;
				CLANG_WARN_UNREACHABLE_CODE = YES;
				CLANG_WARN__DUPLICATE_METHOD_MATCH = YES;
				COPY_PHASE_STRIP = NO;
				CURRENT_PROJECT_VERSION = 1;
				DEAD_CODE_STRIPPING = YES;
				DEBUG_INFORMATION_FORMAT = "dwarf-with-dsym";
				ENABLE_NS_ASSERTIONS = NO;
				ENABLE_STRICT_OBJC_MSGSEND = YES;
				GCC_C_LANGUAGE_STANDARD = gnu11;
				GCC_NO_COMMON_BLOCKS = YES;
				GCC_WARN_64_TO_32_BIT_CONVERSION = YES;
				GCC_WARN_ABOUT_RETURN_TYPE = YES_ERROR;
				GCC_WARN_UNDECLARED_SELECTOR = YES;
				GCC_WARN_UNINITIALIZED_AUTOS = YES_AGGRESSIVE;
				GCC_WARN_UNUSED_FUNCTION = YES;
				GCC_WARN_UNUSED_VARIABLE = YES;
				MTL_ENABLE_DEBUG_INFO = NO;
				MTL_FAST_MATH = YES;
				SWIFT_COMPILATION_MODE = wholemodule;
				SWIFT_OPTIMIZATION_LEVEL = "-O";
				VERSIONING_SYSTEM = "apple-generic";
				VERSION_INFO_PREFIX = "";
			};
			name = Release;
		};
		0B5C5FC3290AE2800069F765 /* Debug */ = {
			isa = XCBuildConfiguration;
			buildSettings = {
				CLANG_ENABLE_MODULES = YES;
				CODE_SIGN_STYLE = Automatic;
				CURRENT_PROJECT_VERSION = 1;
				DEAD_CODE_STRIPPING = YES;
				DEFINES_MODULE = YES;
				DEVELOPMENT_TEAM = KSQ28425AC;
				DYLIB_COMPATIBILITY_VERSION = 1;
				DYLIB_CURRENT_VERSION = 1;
				DYLIB_INSTALL_NAME_BASE = "@rpath";
				GENERATE_INFOPLIST_FILE = YES;
				INFOPLIST_KEY_NSHumanReadableCopyright = "";
				INSTALL_PATH = "$(LOCAL_LIBRARY_DIR)/Frameworks";
				IPHONEOS_DEPLOYMENT_TARGET = 16.0;
				LD_RUNPATH_SEARCH_PATHS = (
					"@executable_path/Frameworks",
					"@loader_path/Frameworks",
				);
				"LD_RUNPATH_SEARCH_PATHS[sdk=macosx*]" = (
					"@executable_path/../Frameworks",
					"@loader_path/Frameworks",
				);
				MACOSX_DEPLOYMENT_TARGET = 13.0;
				MARKETING_VERSION = 1.0;
				PRODUCT_BUNDLE_IDENTIFIER = com.songbaijun.Graph;
				PRODUCT_NAME = "$(TARGET_NAME:c99extidentifier)";
				SDKROOT = auto;
				SKIP_INSTALL = YES;
				SUPPORTED_PLATFORMS = "iphoneos iphonesimulator macosx";
				SWIFT_EMIT_LOC_STRINGS = YES;
				SWIFT_OPTIMIZATION_LEVEL = "-Onone";
				SWIFT_VERSION = 5.0;
				TARGETED_DEVICE_FAMILY = "1,2";
			};
			name = Debug;
		};
		0B5C5FC4290AE2800069F765 /* Release */ = {
			isa = XCBuildConfiguration;
			buildSettings = {
				CLANG_ENABLE_MODULES = YES;
				CODE_SIGN_STYLE = Automatic;
				CURRENT_PROJECT_VERSION = 1;
				DEAD_CODE_STRIPPING = YES;
				DEFINES_MODULE = YES;
				DEVELOPMENT_TEAM = KSQ28425AC;
				DYLIB_COMPATIBILITY_VERSION = 1;
				DYLIB_CURRENT_VERSION = 1;
				DYLIB_INSTALL_NAME_BASE = "@rpath";
				GENERATE_INFOPLIST_FILE = YES;
				INFOPLIST_KEY_NSHumanReadableCopyright = "";
				INSTALL_PATH = "$(LOCAL_LIBRARY_DIR)/Frameworks";
				IPHONEOS_DEPLOYMENT_TARGET = 16.0;
				LD_RUNPATH_SEARCH_PATHS = (
					"@executable_path/Frameworks",
					"@loader_path/Frameworks",
				);
				"LD_RUNPATH_SEARCH_PATHS[sdk=macosx*]" = (
					"@executable_path/../Frameworks",
					"@loader_path/Frameworks",
				);
				MACOSX_DEPLOYMENT_TARGET = 13.0;
				MARKETING_VERSION = 1.0;
				PRODUCT_BUNDLE_IDENTIFIER = com.songbaijun.Graph;
				PRODUCT_NAME = "$(TARGET_NAME:c99extidentifier)";
				SDKROOT = auto;
				SKIP_INSTALL = YES;
				SUPPORTED_PLATFORMS = "iphoneos iphonesimulator macosx";
				SWIFT_EMIT_LOC_STRINGS = YES;
				SWIFT_VERSION = 5.0;
				TARGETED_DEVICE_FAMILY = "1,2";
			};
			name = Release;
		};
/* End XCBuildConfiguration section */

/* Begin XCConfigurationList section */
		0B5C5FB5290AE2800069F765 /* Build configuration list for PBXProject "Graph" */ = {
			isa = XCConfigurationList;
			buildConfigurations = (
				0B5C5FC0290AE2800069F765 /* Debug */,
				0B5C5FC1290AE2800069F765 /* Release */,
			);
			defaultConfigurationIsVisible = 0;
			defaultConfigurationName = Release;
		};
		0B5C5FC2290AE2800069F765 /* Build configuration list for PBXNativeTarget "Graph" */ = {
			isa = XCConfigurationList;
			buildConfigurations = (
				0B5C5FC3290AE2800069F765 /* Debug */,
				0B5C5FC4290AE2800069F765 /* Release */,
			);
			defaultConfigurationIsVisible = 0;
			defaultConfigurationName = Release;
		};
/* End XCConfigurationList section */
	};
	rootObject = 0B5C5FB2290AE2800069F765 /* Project object */;
}
